Microsoft Visual Studio Solution File, Format Version 12.00
# Visual Studio Version 17
VisualStudioVersion = 17.5.2.0
MinimumVisualStudioVersion = 10.0.40219.1
Project("{FAE04EC0-301F-11D3-BF4B-00C04F79EFBC}") = "DialysisMobile", "DialysisMobile\DialysisMobile.csproj", "{06A625C5-A40B-FA19-8425-C23770352141}"
EndProject
Project("{FAE04EC0-301F-11D3-BF4B-00C04F79EFBC}") = "DialysisServer", "DialysisServer\DialysisServer.csproj", "{A2931D0F-FAFA-264D-9DEB-A41F9B17197E}"
EndProject
Project("{FAE04EC0-301F-11D3-BF4B-00C04F79EFBC}") = "Shared.Library", "Shared.Library\Shared.Library.csproj", "{AEE5FC47-0752-4659-9AC5-6E56EF11BEC9}"
EndProject
Global
	GlobalSection(SolutionConfigurationPlatforms) = preSolution
		Debug|Any CPU = Debug|Any CPU
		Release|Any CPU = Release|Any CPU
	EndGlobalSection
	GlobalSection(ProjectConfigurationPlatforms) = postSolution
		{06A625C5-A40B-FA19-8425-C23770352141}.Debug|Any CPU.ActiveCfg = Debug|Any CPU
		{06A625C5-A40B-FA19-8425-C23770352141}.Debug|Any CPU.Build.0 = Debug|Any CPU
		{06A625C5-A40B-FA19-8425-C23770352141}.Debug|Any CPU.Deploy.0 = Debug|Any CPU
		{06A625C5-A40B-FA19-8425-C23770352141}.Release|Any CPU.ActiveCfg = Release|Any CPU
		{06A625C5-A40B-FA19-8425-C23770352141}.Release|Any CPU.Build.0 = Release|Any CPU
		{A2931D0F-FAFA-264D-9DEB-A41F9B17197E}.Debug|Any CPU.ActiveCfg = Debug|Any CPU
		{A2931D0F-FAFA-264D-9DEB-A41F9B17197E}.Debug|Any CPU.Build.0 = Debug|Any CPU
		{A2931D0F-FAFA-264D-9DEB-A41F9B17197E}.Release|Any CPU.ActiveCfg = Release|Any CPU
		{A2931D0F-FAFA-264D-9DEB-A41F9B17197E}.Release|Any CPU.Build.0 = Release|Any CPU
		{AEE5FC47-0752-4659-9AC5-6E56EF11BEC9}.Debug|Any CPU.ActiveCfg = Debug|Any CPU
		{AEE5FC47-0752-4659-9AC5-6E56EF11BEC9}.Debug|Any CPU.Build.0 = Debug|Any CPU
		{AEE5FC47-0752-4659-9AC5-6E56EF11BEC9}.Release|Any CPU.ActiveCfg = Release|Any CPU
		{AEE5FC47-0752-4659-9AC5-6E56EF11BEC9}.Release|Any CPU.Build.0 = Release|Any CPU
	EndGlobalSection
	GlobalSection(SolutionProperties) = preSolution
		HideSolutionNode = FALSE
	EndGlobalSection
	GlobalSection(ExtensibilityGlobals) = postSolution
		SolutionGuid = {4FFE7951-77D6-4A19-B02A-81046F1F3DB9}
	EndGlobalSection
EndGlobal
