Microsoft Visual Studio Solution File, Format Version 12.00
# Visual Studio Version 17
VisualStudioVersion = 17.5.2.0
MinimumVisualStudioVersion = 10.0.40219.1
Project("{FAE04EC0-301F-11D3-BF4B-00C04F79EFBC}") = "MAUIAapp", "MAUIAapp.csproj", "{9BC1B1CB-2595-9AD2-E099-7D4882180A84}"
EndProject
Global
	GlobalSection(SolutionConfigurationPlatforms) = preSolution
		Debug|Any CPU = Debug|Any CPU
		Release|Any CPU = Release|Any CPU
	EndGlobalSection
	GlobalSection(ProjectConfigurationPlatforms) = postSolution
		{9BC1B1CB-2595-9AD2-E099-7D4882180A84}.Debug|Any CPU.ActiveCfg = Debug|Any CPU
		{9BC1B1CB-2595-9AD2-E099-7D4882180A84}.Debug|Any CPU.Build.0 = Debug|Any CPU
		{9BC1B1CB-2595-9AD2-E099-7D4882180A84}.Release|Any CPU.ActiveCfg = Release|Any CPU
		{9BC1B1CB-2595-9AD2-E099-7D4882180A84}.Release|Any CPU.Build.0 = Release|Any CPU
	EndGlobalSection
	GlobalSection(SolutionProperties) = preSolution
		HideSolutionNode = FALSE
	EndGlobalSection
	GlobalSection(ExtensibilityGlobals) = postSolution
		SolutionGuid = {0C840BAF-1D2E-4D64-979E-DB44FDBAD903}
	EndGlobalSection
EndGlobal
